
Microsoft Visual Studio Solution File, Format Version 12.00
# Visual Studio Version 17
VisualStudioVersion = 17.7.34024.191
MinimumVisualStudioVersion = 10.0.40219.1
Project("{9A19103F-16F7-4668-BE54-9A1E7A4F7556}") = "Session 1 - Exercise 2", "Session 1 - Exercise 2\Session 1 - Exercise 2.csproj", "{872B18CC-2B20-4BCA-8A5E-F5A038701F68}"
EndProject
Project("{9A19103F-16F7-4668-BE54-9A1E7A4F7556}") = "Session 1 - Exercise 3", "Session 1 - Exercise 3\Session 1 - Exercise 3.csproj", "{3BADFBC4-4BDB-459E-B109-004CABB4A172}"
EndProject
Project("{9A19103F-16F7-4668-BE54-9A1E7A4F7556}") = "Session 1 - Exercise 1", "Session 1 - Exercise 1\Session 1 - Exercise 1.csproj", "{F8F72DA9-D587-43EB-A72F-AF328EF0B2D3}"
EndProject
Project("{9A19103F-16F7-4668-BE54-9A1E7A4F7556}") = "Session 1 - Exercise 4", "Session 1 - Exercise 4\Session 1 - Exercise 4.csproj", "{C30807E3-491F-41A7-9FF7-5ABACD9D1DD7}"
EndProject
Project("{9A19103F-16F7-4668-BE54-9A1E7A4F7556}") = "Session 1 - Exercise 5", "Session 1 - Exercise 5\Session 1 - Exercise 5.csproj", "{89275E7E-CD90-4757-BB84-0A7537683B56}"
EndProject
Project("{9A19103F-16F7-4668-BE54-9A1E7A4F7556}") = "Session 1 - Exercise 6", "Session 1 - Exercise 6\Session 1 - Exercise 6.csproj", "{772DC41D-535C-439E-A8D8-3EF90CB8FB94}"
EndProject
Project("{9A19103F-16F7-4668-BE54-9A1E7A4F7556}") = "Session 1 - Exercise 7", "Session 1 - Exercise 7\Session 1 - Exercise 7.csproj", "{101F60EE-A32B-45FC-8B7A-47427CFFAFEA}"
EndProject
Project("{9A19103F-16F7-4668-BE54-9A1E7A4F7556}") = "Session 1 - Exercise 8", "Session 1 - Exercise 8\Session 1 - Exercise 8.csproj", "{5E2F043E-3D3E-4D65-8B89-A1CD10F25C28}"
EndProject
Project("{9A19103F-16F7-4668-BE54-9A1E7A4F7556}") = "Session 1 - Exercise 9", "Session 1 - Exercise 9\Session 1 - Exercise 9.csproj", "{AFEEDF4A-FF4B-4B28-9E4C-7700588135FC}"
EndProject
Project("{2150E333-8FDC-42A3-9474-1A3956D46DE8}") = "Session 1", "Session 1", "{1316F0F3-CDCF-4B8F-A881-4FFEB91CAA0D}"
EndProject
Project("{2150E333-8FDC-42A3-9474-1A3956D46DE8}") = "Session 2", "Session 2", "{74B21624-97A6-4FF9-BC3E-D3DEBA48B747}"
EndProject
Project("{9A19103F-16F7-4668-BE54-9A1E7A4F7556}") = "Session 2 - Exercise 1 + 2", "Session 2 - Exercise 1 + 2\Session 2 - Exercise 1 + 2.csproj", "{5DD52997-2782-4162-BFC8-D35A9DE0AD3C}"
EndProject
Project("{9A19103F-16F7-4668-BE54-9A1E7A4F7556}") = "Session 2 - Exercise 3 + 4", "Session 2 - Exercise 3 + 4\Session 2 - Exercise 3 + 4.csproj", "{84CCA7F1-52AE-4B99-ADD2-908FA00594FC}"
EndProject
Project("{9A19103F-16F7-4668-BE54-9A1E7A4F7556}") = "Session 2 - Exercise 5 + 6", "Session 2 - Exercise 5 + 6\Session 2 - Exercise 5 + 6.csproj", "{99D6B692-DCEA-4599-AB69-B624C8685F1D}"
EndProject
Project("{9A19103F-16F7-4668-BE54-9A1E7A4F7556}") = "Session 2 - Exercise 7 + 8", "Session 2 - Exercise 7 + 8\Session 2 - Exercise 7 + 8.csproj", "{00469BB6-766C-458F-83B4-94FF95440FC7}"
EndProject
Project("{2150E333-8FDC-42A3-9474-1A3956D46DE8}") = "Session 3", "Session 3", "{EDD605A4-C855-46F0-9465-6D9BA72320FA}"
EndProject
Project("{9A19103F-16F7-4668-BE54-9A1E7A4F7556}") = "Session 2 - Exercise 9 + 10 + 11", "Session 2 - Exercise 9 + 10 + 11\Session 2 - Exercise 9 + 10 + 11.csproj", "{5947D2DE-4223-4B6B-B75E-DEDE5ADB07DC}"
EndProject
Project("{FAE04EC0-301F-11D3-BF4B-00C04F79EFBC}") = "Session 3 - Exercise 3", "Session 3 - Exercise 2\Session 3 - Exercise 3.csproj", "{4E07D902-A513-4D97-83AB-F9168C67E0DA}"
EndProject
Project("{FAE04EC0-301F-11D3-BF4B-00C04F79EFBC}") = "Session 3 - Exercise 1 + 2", "Session 3 - Exercise 4\Session 3 - Exercise 1 + 2.csproj", "{243AD2FF-C58B-42D1-BCF2-8DE350E29250}"
EndProject
Project("{FAE04EC0-301F-11D3-BF4B-00C04F79EFBC}") = "Session 3 - Exercise 4", "Session 3 - Exercise\Session 3 - Exercise 4.csproj", "{A17A00F4-2751-4A9F-BF1D-527BDABA5C9C}"
EndProject
Global
	GlobalSection(SolutionConfigurationPlatforms) = preSolution
		Debug|Any CPU = Debug|Any CPU
		Release|Any CPU = Release|Any CPU
	EndGlobalSection
	GlobalSection(ProjectConfigurationPlatforms) = postSolution
		{872B18CC-2B20-4BCA-8A5E-F5A038701F68}.Debug|Any CPU.ActiveCfg = Debug|Any CPU
		{872B18CC-2B20-4BCA-8A5E-F5A038701F68}.Debug|Any CPU.Build.0 = Debug|Any CPU
		{872B18CC-2B20-4BCA-8A5E-F5A038701F68}.Release|Any CPU.ActiveCfg = Release|Any CPU
		{872B18CC-2B20-4BCA-8A5E-F5A038701F68}.Release|Any CPU.Build.0 = Release|Any CPU
		{3BADFBC4-4BDB-459E-B109-004CABB4A172}.Debug|Any CPU.ActiveCfg = Debug|Any CPU
		{3BADFBC4-4BDB-459E-B109-004CABB4A172}.Debug|Any CPU.Build.0 = Debug|Any CPU
		{3BADFBC4-4BDB-459E-B109-004CABB4A172}.Release|Any CPU.ActiveCfg = Release|Any CPU
		{3BADFBC4-4BDB-459E-B109-004CABB4A172}.Release|Any CPU.Build.0 = Release|Any CPU
		{F8F72DA9-D587-43EB-A72F-AF328EF0B2D3}.Debug|Any CPU.ActiveCfg = Debug|Any CPU
		{F8F72DA9-D587-43EB-A72F-AF328EF0B2D3}.Debug|Any CPU.Build.0 = Debug|Any CPU
		{F8F72DA9-D587-43EB-A72F-AF328EF0B2D3}.Release|Any CPU.ActiveCfg = Release|Any CPU
		{F8F72DA9-D587-43EB-A72F-AF328EF0B2D3}.Release|Any CPU.Build.0 = Release|Any CPU
		{C30807E3-491F-41A7-9FF7-5ABACD9D1DD7}.Debug|Any CPU.ActiveCfg = Debug|Any CPU
		{C30807E3-491F-41A7-9FF7-5ABACD9D1DD7}.Debug|Any CPU.Build.0 = Debug|Any CPU
		{C30807E3-491F-41A7-9FF7-5ABACD9D1DD7}.Release|Any CPU.ActiveCfg = Release|Any CPU
		{C30807E3-491F-41A7-9FF7-5ABACD9D1DD7}.Release|Any CPU.Build.0 = Release|Any CPU
		{89275E7E-CD90-4757-BB84-0A7537683B56}.Debug|Any CPU.ActiveCfg = Debug|Any CPU
		{89275E7E-CD90-4757-BB84-0A7537683B56}.Debug|Any CPU.Build.0 = Debug|Any CPU
		{89275E7E-CD90-4757-BB84-0A7537683B56}.Release|Any CPU.ActiveCfg = Release|Any CPU
		{89275E7E-CD90-4757-BB84-0A7537683B56}.Release|Any CPU.Build.0 = Release|Any CPU
		{772DC41D-535C-439E-A8D8-3EF90CB8FB94}.Debug|Any CPU.ActiveCfg = Debug|Any CPU
		{772DC41D-535C-439E-A8D8-3EF90CB8FB94}.Debug|Any CPU.Build.0 = Debug|Any CPU
		{772DC41D-535C-439E-A8D8-3EF90CB8FB94}.Release|Any CPU.ActiveCfg = Release|Any CPU
		{772DC41D-535C-439E-A8D8-3EF90CB8FB94}.Release|Any CPU.Build.0 = Release|Any CPU
		{101F60EE-A32B-45FC-8B7A-47427CFFAFEA}.Debug|Any CPU.ActiveCfg = Debug|Any CPU
		{101F60EE-A32B-45FC-8B7A-47427CFFAFEA}.Debug|Any CPU.Build.0 = Debug|Any CPU
		{101F60EE-A32B-45FC-8B7A-47427CFFAFEA}.Release|Any CPU.ActiveCfg = Release|Any CPU
		{101F60EE-A32B-45FC-8B7A-47427CFFAFEA}.Release|Any CPU.Build.0 = Release|Any CPU
		{5E2F043E-3D3E-4D65-8B89-A1CD10F25C28}.Debug|Any CPU.ActiveCfg = Debug|Any CPU
		{5E2F043E-3D3E-4D65-8B89-A1CD10F25C28}.Debug|Any CPU.Build.0 = Debug|Any CPU
		{5E2F043E-3D3E-4D65-8B89-A1CD10F25C28}.Release|Any CPU.ActiveCfg = Release|Any CPU
		{5E2F043E-3D3E-4D65-8B89-A1CD10F25C28}.Release|Any CPU.Build.0 = Release|Any CPU
		{AFEEDF4A-FF4B-4B28-9E4C-7700588135FC}.Debug|Any CPU.ActiveCfg = Debug|Any CPU
		{AFEEDF4A-FF4B-4B28-9E4C-7700588135FC}.Debug|Any CPU.Build.0 = Debug|Any CPU
		{AFEEDF4A-FF4B-4B28-9E4C-7700588135FC}.Release|Any CPU.ActiveCfg = Release|Any CPU
		{AFEEDF4A-FF4B-4B28-9E4C-7700588135FC}.Release|Any CPU.Build.0 = Release|Any CPU
		{5DD52997-2782-4162-BFC8-D35A9DE0AD3C}.Debug|Any CPU.ActiveCfg = Debug|Any CPU
		{5DD52997-2782-4162-BFC8-D35A9DE0AD3C}.Debug|Any CPU.Build.0 = Debug|Any CPU
		{5DD52997-2782-4162-BFC8-D35A9DE0AD3C}.Release|Any CPU.ActiveCfg = Release|Any CPU
		{5DD52997-2782-4162-BFC8-D35A9DE0AD3C}.Release|Any CPU.Build.0 = Release|Any CPU
		{84CCA7F1-52AE-4B99-ADD2-908FA00594FC}.Debug|Any CPU.ActiveCfg = Debug|Any CPU
		{84CCA7F1-52AE-4B99-ADD2-908FA00594FC}.Debug|Any CPU.Build.0 = Debug|Any CPU
		{84CCA7F1-52AE-4B99-ADD2-908FA00594FC}.Release|Any CPU.ActiveCfg = Release|Any CPU
		{84CCA7F1-52AE-4B99-ADD2-908FA00594FC}.Release|Any CPU.Build.0 = Release|Any CPU
		{99D6B692-DCEA-4599-AB69-B624C8685F1D}.Debug|Any CPU.ActiveCfg = Debug|Any CPU
		{99D6B692-DCEA-4599-AB69-B624C8685F1D}.Debug|Any CPU.Build.0 = Debug|Any CPU
		{99D6B692-DCEA-4599-AB69-B624C8685F1D}.Release|Any CPU.ActiveCfg = Release|Any CPU
		{99D6B692-DCEA-4599-AB69-B624C8685F1D}.Release|Any CPU.Build.0 = Release|Any CPU
		{00469BB6-766C-458F-83B4-94FF95440FC7}.Debug|Any CPU.ActiveCfg = Debug|Any CPU
		{00469BB6-766C-458F-83B4-94FF95440FC7}.Debug|Any CPU.Build.0 = Debug|Any CPU
		{00469BB6-766C-458F-83B4-94FF95440FC7}.Release|Any CPU.ActiveCfg = Release|Any CPU
		{00469BB6-766C-458F-83B4-94FF95440FC7}.Release|Any CPU.Build.0 = Release|Any CPU
		{5947D2DE-4223-4B6B-B75E-DEDE5ADB07DC}.Debug|Any CPU.ActiveCfg = Debug|Any CPU
		{5947D2DE-4223-4B6B-B75E-DEDE5ADB07DC}.Debug|Any CPU.Build.0 = Debug|Any CPU
		{5947D2DE-4223-4B6B-B75E-DEDE5ADB07DC}.Release|Any CPU.ActiveCfg = Release|Any CPU
		{5947D2DE-4223-4B6B-B75E-DEDE5ADB07DC}.Release|Any CPU.Build.0 = Release|Any CPU
		{4E07D902-A513-4D97-83AB-F9168C67E0DA}.Debug|Any CPU.ActiveCfg = Debug|Any CPU
		{4E07D902-A513-4D97-83AB-F9168C67E0DA}.Debug|Any CPU.Build.0 = Debug|Any CPU
		{4E07D902-A513-4D97-83AB-F9168C67E0DA}.Release|Any CPU.ActiveCfg = Release|Any CPU
		{4E07D902-A513-4D97-83AB-F9168C67E0DA}.Release|Any CPU.Build.0 = Release|Any CPU
		{243AD2FF-C58B-42D1-BCF2-8DE350E29250}.Debug|Any CPU.ActiveCfg = Debug|Any CPU
		{243AD2FF-C58B-42D1-BCF2-8DE350E29250}.Debug|Any CPU.Build.0 = Debug|Any CPU
		{243AD2FF-C58B-42D1-BCF2-8DE350E29250}.Release|Any CPU.ActiveCfg = Release|Any CPU
		{243AD2FF-C58B-42D1-BCF2-8DE350E29250}.Release|Any CPU.Build.0 = Release|Any CPU
		{A17A00F4-2751-4A9F-BF1D-527BDABA5C9C}.Debug|Any CPU.ActiveCfg = Debug|Any CPU
		{A17A00F4-2751-4A9F-BF1D-527BDABA5C9C}.Debug|Any CPU.Build.0 = Debug|Any CPU
		{A17A00F4-2751-4A9F-BF1D-527BDABA5C9C}.Release|Any CPU.ActiveCfg = Release|Any CPU
		{A17A00F4-2751-4A9F-BF1D-527BDABA5C9C}.Release|Any CPU.Build.0 = Release|Any CPU
	EndGlobalSection
	GlobalSection(SolutionProperties) = preSolution
		HideSolutionNode = FALSE
	EndGlobalSection
	GlobalSection(NestedProjects) = preSolution
		{872B18CC-2B20-4BCA-8A5E-F5A038701F68} = {1316F0F3-CDCF-4B8F-A881-4FFEB91CAA0D}
		{3BADFBC4-4BDB-459E-B109-004CABB4A172} = {1316F0F3-CDCF-4B8F-A881-4FFEB91CAA0D}
		{F8F72DA9-D587-43EB-A72F-AF328EF0B2D3} = {1316F0F3-CDCF-4B8F-A881-4FFEB91CAA0D}
		{C30807E3-491F-41A7-9FF7-5ABACD9D1DD7} = {1316F0F3-CDCF-4B8F-A881-4FFEB91CAA0D}
		{89275E7E-CD90-4757-BB84-0A7537683B56} = {1316F0F3-CDCF-4B8F-A881-4FFEB91CAA0D}
		{772DC41D-535C-439E-A8D8-3EF90CB8FB94} = {1316F0F3-CDCF-4B8F-A881-4FFEB91CAA0D}
		{101F60EE-A32B-45FC-8B7A-47427CFFAFEA} = {1316F0F3-CDCF-4B8F-A881-4FFEB91CAA0D}
		{5E2F043E-3D3E-4D65-8B89-A1CD10F25C28} = {1316F0F3-CDCF-4B8F-A881-4FFEB91CAA0D}
		{AFEEDF4A-FF4B-4B28-9E4C-7700588135FC} = {1316F0F3-CDCF-4B8F-A881-4FFEB91CAA0D}
		{5DD52997-2782-4162-BFC8-D35A9DE0AD3C} = {74B21624-97A6-4FF9-BC3E-D3DEBA48B747}
		{84CCA7F1-52AE-4B99-ADD2-908FA00594FC} = {74B21624-97A6-4FF9-BC3E-D3DEBA48B747}
		{99D6B692-DCEA-4599-AB69-B624C8685F1D} = {74B21624-97A6-4FF9-BC3E-D3DEBA48B747}
		{00469BB6-766C-458F-83B4-94FF95440FC7} = {74B21624-97A6-4FF9-BC3E-D3DEBA48B747}
		{5947D2DE-4223-4B6B-B75E-DEDE5ADB07DC} = {74B21624-97A6-4FF9-BC3E-D3DEBA48B747}
		{4E07D902-A513-4D97-83AB-F9168C67E0DA} = {EDD605A4-C855-46F0-9465-6D9BA72320FA}
		{243AD2FF-C58B-42D1-BCF2-8DE350E29250} = {EDD605A4-C855-46F0-9465-6D9BA72320FA}
		{A17A00F4-2751-4A9F-BF1D-527BDABA5C9C} = {EDD605A4-C855-46F0-9465-6D9BA72320FA}
	EndGlobalSection
	GlobalSection(ExtensibilityGlobals) = postSolution
		SolutionGuid = {5652D520-C3D3-42D4-8AA6-08EC93EE2828}
	EndGlobalSection
EndGlobal
