
Microsoft Visual Studio Solution File, Format Version 12.00
# Visual Studio Version 17
VisualStudioVersion = 17.7.34024.191
MinimumVisualStudioVersion = 10.0.40219.1
Project("{9A19103F-16F7-4668-BE54-9A1E7A4F7556}") = "Session 1 - Exercise 2", "Session 1 - Exercise 2\Session 1 - Exercise 2.csproj", "{872B18CC-2B20-4BCA-8A5E-F5A038701F68}"
EndProject
Project("{9A19103F-16F7-4668-BE54-9A1E7A4F7556}") = "Session 1 - Exercise 3", "Session 1 - Exercise 3\Session 1 - Exercise 3.csproj", "{3BADFBC4-4BDB-459E-B109-004CABB4A172}"
EndProject
Project("{9A19103F-16F7-4668-BE54-9A1E7A4F7556}") = "Session 1 - Exercise 1", "Session 1 - Exercise 1\Session 1 - Exercise 1.csproj", "{F8F72DA9-D587-43EB-A72F-AF328EF0B2D3}"
EndProject
Project("{9A19103F-16F7-4668-BE54-9A1E7A4F7556}") = "Session 1 - Exercise 4", "Session 1 - Exercise 4\Session 1 - Exercise 4.csproj", "{C30807E3-491F-41A7-9FF7-5ABACD9D1DD7}"
EndProject
Project("{9A19103F-16F7-4668-BE54-9A1E7A4F7556}") = "Session 1 - Exercise 5", "Session 1 - Exercise 5\Session 1 - Exercise 5.csproj", "{89275E7E-CD90-4757-BB84-0A7537683B56}"
EndProject
Project("{9A19103F-16F7-4668-BE54-9A1E7A4F7556}") = "Session 1 - Exercise 6", "Session 1 - Exercise 6\Session 1 - Exercise 6.csproj", "{772DC41D-535C-439E-A8D8-3EF90CB8FB94}"
EndProject
Project("{9A19103F-16F7-4668-BE54-9A1E7A4F7556}") = "Session 1 - Exercise 7", "Session 1 - Exercise 7\Session 1 - Exercise 7.csproj", "{101F60EE-A32B-45FC-8B7A-47427CFFAFEA}"
EndProject
Project("{9A19103F-16F7-4668-BE54-9A1E7A4F7556}") = "Session 1 - Exercise 8", "Session 1 - Exercise 8\Session 1 - Exercise 8.csproj", "{5E2F043E-3D3E-4D65-8B89-A1CD10F25C28}"
EndProject
Project("{9A19103F-16F7-4668-BE54-9A1E7A4F7556}") = "Session 1 - Exercise 9", "Session 1 - Exercise 9\Session 1 - Exercise 9.csproj", "{AFEEDF4A-FF4B-4B28-9E4C-7700588135FC}"
EndProject
Project("{FAE04EC0-301F-11D3-BF4B-00C04F79EFBC}") = "Session 2 - Exercise 1", "Session 2 - Exerciise 1\Session 2 - Exercise 1.csproj", "{FD48CE12-8E91-4AE0-BE5C-F84691D5B9D6}"
EndProject
Project("{FAE04EC0-301F-11D3-BF4B-00C04F79EFBC}") = "Session 2 - Exercise 2", "Session 2 - Exerciise 2\Session 2 - Exercise 2.csproj", "{E0D790F4-2A56-4E32-A989-C4D85BA38D83}"
EndProject
Project("{FAE04EC0-301F-11D3-BF4B-00C04F79EFBC}") = "Session 2 - Exercise 3", "Session 2 - Exerciise 3\Session 2 - Exercise 3.csproj", "{34CE9236-99DB-4E7E-B7FB-864330EFA4A1}"
EndProject
Project("{FAE04EC0-301F-11D3-BF4B-00C04F79EFBC}") = "Opg1.dag3.tt", "Opg1.dag3.tt\Opg1.dag3.tt.csproj", "{7DBBD472-0E6C-4C90-905B-10908BB15BA6}"
EndProject
Project("{FAE04EC0-301F-11D3-BF4B-00C04F79EFBC}") = "Session 2 - Exercise 4", "Session 2 - Exercise 4\Session 2 - Exercise 4.csproj", "{48D93100-A527-441D-BF2A-8C524B1F1FF5}"
EndProject
Project("{FAE04EC0-301F-11D3-BF4B-00C04F79EFBC}") = "Session 2 - Exercise 5 + 6", "Session 2 - Exercise 5\Session 2 - Exercise 5 + 6.csproj", "{44657993-6392-4030-BB51-5FB873FC9B14}"
EndProject
Project("{FAE04EC0-301F-11D3-BF4B-00C04F79EFBC}") = "Sessiion 2- Exercise 7", "Sessiion 2- Exercise 7\Sessiion 2- Exercise 7.csproj", "{140A081B-9F5B-4AAC-82D9-4C750891F823}"
EndProject
Project("{FAE04EC0-301F-11D3-BF4B-00C04F79EFBC}") = "Session 2 - Exercise 7", "Session 2 - Exercise  7\Session 2 - Exercise 7.csproj", "{BB10F41E-1618-43B8-98F0-47449D8F2E3A}"
EndProject
Global
	GlobalSection(SolutionConfigurationPlatforms) = preSolution
		Debug|Any CPU = Debug|Any CPU
		Release|Any CPU = Release|Any CPU
	EndGlobalSection
	GlobalSection(ProjectConfigurationPlatforms) = postSolution
		{872B18CC-2B20-4BCA-8A5E-F5A038701F68}.Debug|Any CPU.ActiveCfg = Debug|Any CPU
		{872B18CC-2B20-4BCA-8A5E-F5A038701F68}.Debug|Any CPU.Build.0 = Debug|Any CPU
		{872B18CC-2B20-4BCA-8A5E-F5A038701F68}.Release|Any CPU.ActiveCfg = Release|Any CPU
		{872B18CC-2B20-4BCA-8A5E-F5A038701F68}.Release|Any CPU.Build.0 = Release|Any CPU
		{3BADFBC4-4BDB-459E-B109-004CABB4A172}.Debug|Any CPU.ActiveCfg = Debug|Any CPU
		{3BADFBC4-4BDB-459E-B109-004CABB4A172}.Debug|Any CPU.Build.0 = Debug|Any CPU
		{3BADFBC4-4BDB-459E-B109-004CABB4A172}.Release|Any CPU.ActiveCfg = Release|Any CPU
		{3BADFBC4-4BDB-459E-B109-004CABB4A172}.Release|Any CPU.Build.0 = Release|Any CPU
		{F8F72DA9-D587-43EB-A72F-AF328EF0B2D3}.Debug|Any CPU.ActiveCfg = Debug|Any CPU
		{F8F72DA9-D587-43EB-A72F-AF328EF0B2D3}.Debug|Any CPU.Build.0 = Debug|Any CPU
		{F8F72DA9-D587-43EB-A72F-AF328EF0B2D3}.Release|Any CPU.ActiveCfg = Release|Any CPU
		{F8F72DA9-D587-43EB-A72F-AF328EF0B2D3}.Release|Any CPU.Build.0 = Release|Any CPU
		{C30807E3-491F-41A7-9FF7-5ABACD9D1DD7}.Debug|Any CPU.ActiveCfg = Debug|Any CPU
		{C30807E3-491F-41A7-9FF7-5ABACD9D1DD7}.Debug|Any CPU.Build.0 = Debug|Any CPU
		{C30807E3-491F-41A7-9FF7-5ABACD9D1DD7}.Release|Any CPU.ActiveCfg = Release|Any CPU
		{C30807E3-491F-41A7-9FF7-5ABACD9D1DD7}.Release|Any CPU.Build.0 = Release|Any CPU
		{89275E7E-CD90-4757-BB84-0A7537683B56}.Debug|Any CPU.ActiveCfg = Debug|Any CPU
		{89275E7E-CD90-4757-BB84-0A7537683B56}.Debug|Any CPU.Build.0 = Debug|Any CPU
		{89275E7E-CD90-4757-BB84-0A7537683B56}.Release|Any CPU.ActiveCfg = Release|Any CPU
		{89275E7E-CD90-4757-BB84-0A7537683B56}.Release|Any CPU.Build.0 = Release|Any CPU
		{772DC41D-535C-439E-A8D8-3EF90CB8FB94}.Debug|Any CPU.ActiveCfg = Debug|Any CPU
		{772DC41D-535C-439E-A8D8-3EF90CB8FB94}.Debug|Any CPU.Build.0 = Debug|Any CPU
		{772DC41D-535C-439E-A8D8-3EF90CB8FB94}.Release|Any CPU.ActiveCfg = Release|Any CPU
		{772DC41D-535C-439E-A8D8-3EF90CB8FB94}.Release|Any CPU.Build.0 = Release|Any CPU
		{101F60EE-A32B-45FC-8B7A-47427CFFAFEA}.Debug|Any CPU.ActiveCfg = Debug|Any CPU
		{101F60EE-A32B-45FC-8B7A-47427CFFAFEA}.Debug|Any CPU.Build.0 = Debug|Any CPU
		{101F60EE-A32B-45FC-8B7A-47427CFFAFEA}.Release|Any CPU.ActiveCfg = Release|Any CPU
		{101F60EE-A32B-45FC-8B7A-47427CFFAFEA}.Release|Any CPU.Build.0 = Release|Any CPU
		{5E2F043E-3D3E-4D65-8B89-A1CD10F25C28}.Debug|Any CPU.ActiveCfg = Debug|Any CPU
		{5E2F043E-3D3E-4D65-8B89-A1CD10F25C28}.Debug|Any CPU.Build.0 = Debug|Any CPU
		{5E2F043E-3D3E-4D65-8B89-A1CD10F25C28}.Release|Any CPU.ActiveCfg = Release|Any CPU
		{5E2F043E-3D3E-4D65-8B89-A1CD10F25C28}.Release|Any CPU.Build.0 = Release|Any CPU
		{AFEEDF4A-FF4B-4B28-9E4C-7700588135FC}.Debug|Any CPU.ActiveCfg = Debug|Any CPU
		{AFEEDF4A-FF4B-4B28-9E4C-7700588135FC}.Debug|Any CPU.Build.0 = Debug|Any CPU
		{AFEEDF4A-FF4B-4B28-9E4C-7700588135FC}.Release|Any CPU.ActiveCfg = Release|Any CPU
		{AFEEDF4A-FF4B-4B28-9E4C-7700588135FC}.Release|Any CPU.Build.0 = Release|Any CPU
		{FD48CE12-8E91-4AE0-BE5C-F84691D5B9D6}.Debug|Any CPU.ActiveCfg = Debug|Any CPU
		{FD48CE12-8E91-4AE0-BE5C-F84691D5B9D6}.Debug|Any CPU.Build.0 = Debug|Any CPU
		{FD48CE12-8E91-4AE0-BE5C-F84691D5B9D6}.Release|Any CPU.ActiveCfg = Release|Any CPU
		{FD48CE12-8E91-4AE0-BE5C-F84691D5B9D6}.Release|Any CPU.Build.0 = Release|Any CPU
		{E0D790F4-2A56-4E32-A989-C4D85BA38D83}.Debug|Any CPU.ActiveCfg = Debug|Any CPU
		{E0D790F4-2A56-4E32-A989-C4D85BA38D83}.Debug|Any CPU.Build.0 = Debug|Any CPU
		{E0D790F4-2A56-4E32-A989-C4D85BA38D83}.Release|Any CPU.ActiveCfg = Release|Any CPU
		{E0D790F4-2A56-4E32-A989-C4D85BA38D83}.Release|Any CPU.Build.0 = Release|Any CPU
		{34CE9236-99DB-4E7E-B7FB-864330EFA4A1}.Debug|Any CPU.ActiveCfg = Debug|Any CPU
		{34CE9236-99DB-4E7E-B7FB-864330EFA4A1}.Debug|Any CPU.Build.0 = Debug|Any CPU
		{34CE9236-99DB-4E7E-B7FB-864330EFA4A1}.Release|Any CPU.ActiveCfg = Release|Any CPU
		{34CE9236-99DB-4E7E-B7FB-864330EFA4A1}.Release|Any CPU.Build.0 = Release|Any CPU
		{7DBBD472-0E6C-4C90-905B-10908BB15BA6}.Debug|Any CPU.ActiveCfg = Debug|Any CPU
		{7DBBD472-0E6C-4C90-905B-10908BB15BA6}.Debug|Any CPU.Build.0 = Debug|Any CPU
		{7DBBD472-0E6C-4C90-905B-10908BB15BA6}.Release|Any CPU.ActiveCfg = Release|Any CPU
		{7DBBD472-0E6C-4C90-905B-10908BB15BA6}.Release|Any CPU.Build.0 = Release|Any CPU
		{48D93100-A527-441D-BF2A-8C524B1F1FF5}.Debug|Any CPU.ActiveCfg = Debug|Any CPU
		{48D93100-A527-441D-BF2A-8C524B1F1FF5}.Debug|Any CPU.Build.0 = Debug|Any CPU
		{48D93100-A527-441D-BF2A-8C524B1F1FF5}.Release|Any CPU.ActiveCfg = Release|Any CPU
		{48D93100-A527-441D-BF2A-8C524B1F1FF5}.Release|Any CPU.Build.0 = Release|Any CPU
		{44657993-6392-4030-BB51-5FB873FC9B14}.Debug|Any CPU.ActiveCfg = Debug|Any CPU
		{44657993-6392-4030-BB51-5FB873FC9B14}.Debug|Any CPU.Build.0 = Debug|Any CPU
		{44657993-6392-4030-BB51-5FB873FC9B14}.Release|Any CPU.ActiveCfg = Release|Any CPU
		{44657993-6392-4030-BB51-5FB873FC9B14}.Release|Any CPU.Build.0 = Release|Any CPU
		{140A081B-9F5B-4AAC-82D9-4C750891F823}.Debug|Any CPU.ActiveCfg = Debug|Any CPU
		{140A081B-9F5B-4AAC-82D9-4C750891F823}.Debug|Any CPU.Build.0 = Debug|Any CPU
		{140A081B-9F5B-4AAC-82D9-4C750891F823}.Release|Any CPU.ActiveCfg = Release|Any CPU
		{140A081B-9F5B-4AAC-82D9-4C750891F823}.Release|Any CPU.Build.0 = Release|Any CPU
		{BB10F41E-1618-43B8-98F0-47449D8F2E3A}.Debug|Any CPU.ActiveCfg = Debug|Any CPU
		{BB10F41E-1618-43B8-98F0-47449D8F2E3A}.Debug|Any CPU.Build.0 = Debug|Any CPU
		{BB10F41E-1618-43B8-98F0-47449D8F2E3A}.Release|Any CPU.ActiveCfg = Release|Any CPU
		{BB10F41E-1618-43B8-98F0-47449D8F2E3A}.Release|Any CPU.Build.0 = Release|Any CPU
	EndGlobalSection
	GlobalSection(SolutionProperties) = preSolution
		HideSolutionNode = FALSE
	EndGlobalSection
	GlobalSection(ExtensibilityGlobals) = postSolution
		SolutionGuid = {5652D520-C3D3-42D4-8AA6-08EC93EE2828}
	EndGlobalSection
EndGlobal
