
Microsoft Visual Studio Solution File, Format Version 12.00
# Visual Studio Version 16
VisualStudioVersion = 16.0.33927.289
MinimumVisualStudioVersion = 10.0.40219.1
Project("{FAE04EC0-301F-11D3-BF4B-00C04F79EFBC}") = "Session 1 - Exercise 1", "Session 1 - Exercise 1\Session 1 - Exercise 1.csproj", "{3A1F53AB-8C5B-4D02-8591-1197EE8EC61F}"
EndProject
Project("{FAE04EC0-301F-11D3-BF4B-00C04F79EFBC}") = "Session 2 - Exercise 1", "Session 2 - Exercise 1\Session 2 - Exercise 1.csproj", "{567AC1AB-D07D-4EEA-9C67-B1167E5E96B2}"
EndProject
Global
	GlobalSection(SolutionConfigurationPlatforms) = preSolution
		Debug|Any CPU = Debug|Any CPU
		Release|Any CPU = Release|Any CPU
	EndGlobalSection
	GlobalSection(ProjectConfigurationPlatforms) = postSolution
		{3A1F53AB-8C5B-4D02-8591-1197EE8EC61F}.Debug|Any CPU.ActiveCfg = Debug|Any CPU
		{3A1F53AB-8C5B-4D02-8591-1197EE8EC61F}.Debug|Any CPU.Build.0 = Debug|Any CPU
		{3A1F53AB-8C5B-4D02-8591-1197EE8EC61F}.Release|Any CPU.ActiveCfg = Release|Any CPU
		{3A1F53AB-8C5B-4D02-8591-1197EE8EC61F}.Release|Any CPU.Build.0 = Release|Any CPU
		{567AC1AB-D07D-4EEA-9C67-B1167E5E96B2}.Debug|Any CPU.ActiveCfg = Debug|Any CPU
		{567AC1AB-D07D-4EEA-9C67-B1167E5E96B2}.Debug|Any CPU.Build.0 = Debug|Any CPU
		{567AC1AB-D07D-4EEA-9C67-B1167E5E96B2}.Release|Any CPU.ActiveCfg = Release|Any CPU
		{567AC1AB-D07D-4EEA-9C67-B1167E5E96B2}.Release|Any CPU.Build.0 = Release|Any CPU
	EndGlobalSection
	GlobalSection(SolutionProperties) = preSolution
		HideSolutionNode = FALSE
	EndGlobalSection
	GlobalSection(ExtensibilityGlobals) = postSolution
		SolutionGuid = {5652D520-C3D3-42D4-8AA6-08EC93EE2828}
	EndGlobalSection
EndGlobal
